
Microsoft Visual Studio Solution File, Format Version 12.00
# Visual Studio 15
VisualStudioVersion = 15.0.27428.1
MinimumVisualStudioVersion = 10.0.40219.1
Project("{FAE04EC0-301F-11D3-BF4B-00C04F79EFBC}") = "GitTest", "GitTest\GitTest.csproj", "{75CE6682-E9A1-4C8F-A33E-2F2C7A3E6FB4}"
EndProject
Global
	GlobalSection(SolutionConfigurationPlatforms) = preSolution
		Debug|Any CPU = Debug|Any CPU
		Release|Any CPU = Release|Any CPU
	EndGlobalSection
	GlobalSection(ProjectConfigurationPlatforms) = postSolution
		{75CE6682-E9A1-4C8F-A33E-2F2C7A3E6FB4}.Debug|Any CPU.ActiveCfg = Debug|Any CPU
		{75CE6682-E9A1-4C8F-A33E-2F2C7A3E6FB4}.Debug|Any CPU.Build.0 = Debug|Any CPU
		{75CE6682-E9A1-4C8F-A33E-2F2C7A3E6FB4}.Release|Any CPU.ActiveCfg = Release|Any CPU
		{75CE6682-E9A1-4C8F-A33E-2F2C7A3E6FB4}.Release|Any CPU.Build.0 = Release|Any CPU
	EndGlobalSection
	GlobalSection(SolutionProperties) = preSolution
		HideSolutionNode = FALSE
	EndGlobalSection
	GlobalSection(ExtensibilityGlobals) = postSolution
		SolutionGuid = {A8B22486-AE3D-44F0-BEE7-637D80CB7C64}
	EndGlobalSection
EndGlobal
